{
  "name": "e2e",
  "version": "1.0.0",
  "lockfileVersion": 1,
  "requires": true,
  "dependencies": {
    "any-promise": {
      "version": "1.3.0",
      "resolved": "https://artifact.swissre.com/api/npm/npm/any-promise/-/any-promise-1.3.0.tgz",
      "integrity": "sha1-q8av7tzqUugJzcA3au0845Y10X8="
    },
    "assert-plus": {
      "version": "1.0.0",
      "resolved": "https://artifact.swissre.com/api/npm/npm/assert-plus/-/assert-plus-1.0.0.tgz",
      "integrity": "sha1-8S4PPF13sLHN2RRpQuTpbB5N1SU="
    },
    "assertion-error-formatter": {
      "version": "2.0.0",
      "resolved": "https://artifact.swissre.com/api/npm/npm/assertion-error-formatter/-/assertion-error-formatter-2.0.0.tgz",
      "integrity": "sha1-F6JCicyEQIibVDGObRGH6+4tVJQ=",
      "requires": {
        "diff": "3.3.1",
        "pad-right": "0.2.2",
        "repeat-string": "1.6.1"
      }
    },
    "babel-runtime": {
      "version": "6.26.0",
      "resolved": "https://artifact.swissre.com/api/npm/npm/babel-runtime/-/babel-runtime-6.26.0.tgz",
      "integrity": "sha1-llxwWGaOgrVde/4E/yM3vItWR/4=",
      "requires": {
        "core-js": "2.5.1",
        "regenerator-runtime": "0.11.0"
      }
    },
    "balanced-match": {
      "version": "1.0.0",
      "resolved": "https://artifact.swissre.com/api/npm/npm/balanced-match/-/balanced-match-1.0.0.tgz",
      "integrity": "sha1-ibTRmasr7kneFk6gK4nORi1xt2c="
    },
    "becke-ch--regex--s0-0-v1--base--pl--lib": {
      "version": "1.2.0",
      "resolved": "https://artifact.swissre.com/api/npm/npm/becke-ch--regex--s0-0-v1--base--pl--lib/-/becke-ch--regex--s0-0-v1--base--pl--lib-1.2.0.tgz",
      "integrity": "sha1-LnPp0h8sLm9aVFQEVjbwq5PkYTA="
    },
    "bluebird": {
      "version": "3.5.0",
      "resolved": "https://artifact.swissre.com/api/npm/npm/bluebird/-/bluebird-3.5.0.tgz",
      "integrity": "sha1-eRQg1/VR7qKJdFOop3ZT+WYG1nw="
    },
    "brace-expansion": {
      "version": "1.1.8",
      "resolved": "https://artifact.swissre.com/api/npm/npm/brace-expansion/-/brace-expansion-1.1.8.tgz",
      "integrity": "sha1-wHshHHyVLsH479Uad+8NHTmQopI=",
      "requires": {
        "balanced-match": "1.0.0",
        "concat-map": "0.0.1"
      }
    },
    "cli-table": {
      "version": "0.3.1",
      "resolved": "https://artifact.swissre.com/api/npm/npm/cli-table/-/cli-table-0.3.1.tgz",
      "integrity": "sha1-9TsFJmqLGguTSz0IIebi3FkUriM=",
      "requires": {
        "colors": "1.0.3"
      },
      "dependencies": {
        "colors": {
          "version": "1.0.3",
          "resolved": "https://artifact.swissre.com/api/npm/npm/colors/-/colors-1.0.3.tgz",
          "integrity": "sha1-BDP0TYCWgP3rYO0mDxsMJi6CpAs="
        }
      }
    },
    "colors": {
      "version": "1.1.2",
      "resolved": "https://artifact.swissre.com/api/npm/npm/colors/-/colors-1.1.2.tgz",
      "integrity": "sha1-FopHAXVran9RoSzgyXv6KMCE7WM="
    },
    "commander": {
      "version": "2.11.0",
      "resolved": "https://artifact.swissre.com/api/npm/npm/commander/-/commander-2.11.0.tgz",
      "integrity": "sha1-FXFS/R56bI2YpbcVzzdt+SgARWM="
    },
    "concat-map": {
      "version": "0.0.1",
      "resolved": "https://artifact.swissre.com/api/npm/npm/concat-map/-/concat-map-0.0.1.tgz",
      "integrity": "sha1-2Klr13/Wjfd5OnMDajug1UBdR3s="
    },
    "core-js": {
      "version": "2.5.1",
      "resolved": "https://artifact.swissre.com/api/npm/npm/core-js/-/core-js-2.5.1.tgz",
      "integrity": "sha1-rmh03GaTd4m4B1T/VCjfZoGcpQs="
    },
    "core-util-is": {
      "version": "1.0.2",
      "resolved": "https://artifact.swissre.com/api/npm/npm/core-util-is/-/core-util-is-1.0.2.tgz",
      "integrity": "sha1-tf1UIgqivFq1eqtxQMlAdUUDwac="
    },
    "cucumber": {
      "version": "3.0.1",
      "resolved": "https://artifact.swissre.com/api/npm/npm/cucumber/-/cucumber-3.0.1.tgz",
      "integrity": "sha1-Lk9J7p1ZSctiSa4M0WJkREV75x4=",
      "requires": {
        "assertion-error-formatter": "2.0.0",
        "babel-runtime": "6.26.0",
        "bluebird": "3.5.0",
        "cli-table": "0.3.1",
        "colors": "1.1.2",
        "commander": "2.11.0",
        "cucumber-expressions": "4.0.3",
        "cucumber-tag-expressions": "1.0.1",
        "duration": "0.2.0",
        "escape-string-regexp": "1.0.5",
        "figures": "2.0.0",
        "gherkin": "4.1.3",
        "glob": "7.1.2",
        "indent-string": "3.2.0",
        "is-generator": "1.0.3",
        "is-stream": "1.1.0",
        "lodash": "4.17.4",
        "mz": "2.6.0",
        "progress": "2.0.0",
        "resolve": "1.4.0",
        "stack-chain": "1.3.7",
        "stacktrace-js": "2.0.0",
        "string-argv": "0.0.2",
        "title-case": "2.1.1",
        "util-arity": "1.1.0",
        "verror": "1.10.0"
      }
    },
    "cucumber-expressions": {
      "version": "4.0.3",
      "resolved": "https://artifact.swissre.com/api/npm/npm/cucumber-expressions/-/cucumber-expressions-4.0.3.tgz",
      "integrity": "sha1-/HDRqU4ZWcn9VVpBt+IgDlesM6c=",
      "requires": {
        "becke-ch--regex--s0-0-v1--base--pl--lib": "1.2.0"
      }
    },
    "cucumber-tag-expressions": {
      "version": "1.0.1",
      "resolved": "https://artifact.swissre.com/api/npm/npm/cucumber-tag-expressions/-/cucumber-tag-expressions-1.0.1.tgz",
      "integrity": "sha1-1tPEMYCgP1+0/JV/4Tgt3OXLmsg="
    },
    "d": {
      "version": "0.1.1",
      "resolved": "https://artifact.swissre.com/api/npm/npm/d/-/d-0.1.1.tgz",
      "integrity": "sha1-2hhMU10Y2O57oqoim5FACfrhEwk=",
      "requires": {
        "es5-ext": "0.10.30"
      }
    },
    "diff": {
      "version": "3.3.1",
      "resolved": "https://artifact.swissre.com/api/npm/npm/diff/-/diff-3.3.1.tgz",
      "integrity": "sha1-qoVnpu7QPFMfyJ0/cRzQ5SWd7HU="
    },
    "duration": {
      "version": "0.2.0",
      "resolved": "https://artifact.swissre.com/api/npm/npm/duration/-/duration-0.2.0.tgz",
      "integrity": "sha1-X5xN+q//ZV3phhEu/iXFl43YUUY=",
      "requires": {
        "d": "0.1.1",
        "es5-ext": "0.10.30"
      }
    },
    "error-stack-parser": {
      "version": "2.0.1",
      "resolved": "https://artifact.swissre.com/api/npm/npm/error-stack-parser/-/error-stack-parser-2.0.1.tgz",
      "integrity": "sha1-oyArj7AxFKqbQKDjZp5IsrZaAQo=",
      "requires": {
        "stackframe": "1.0.4"
      }
    },
    "es5-ext": {
      "version": "0.10.30",
      "resolved": "https://artifact.swissre.com/api/npm/npm/es5-ext/-/es5-ext-0.10.30.tgz",
      "integrity": "sha1-cUGhaDZpfbq/qq7uQUlc4p9SyTk=",
      "requires": {
        "es6-iterator": "2.0.1",
        "es6-symbol": "3.1.1"
      }
    },
    "es6-iterator": {
      "version": "2.0.1",
      "resolved": "https://artifact.swissre.com/api/npm/npm/es6-iterator/-/es6-iterator-2.0.1.tgz",
      "integrity": "sha1-jjGcnwRTv1ddN0lAplWSDlnKVRI=",
      "requires": {
        "d": "1.0.0",
        "es5-ext": "0.10.30",
        "es6-symbol": "3.1.1"
      },
      "dependencies": {
        "d": {
          "version": "1.0.0",
          "resolved": "https://artifact.swissre.com/api/npm/npm/d/-/d-1.0.0.tgz",
          "integrity": "sha1-dUu1v+VUUdpppYuU1F9MWwRi1Y8=",
          "requires": {
            "es5-ext": "0.10.30"
          }
        }
      }
    },
    "es6-symbol": {
      "version": "3.1.1",
      "resolved": "https://artifact.swissre.com/api/npm/npm/es6-symbol/-/es6-symbol-3.1.1.tgz",
      "integrity": "sha1-vwDvT9q2uhtG7Le2KbTH7VcVzHc=",
      "requires": {
        "d": "1.0.0",
        "es5-ext": "0.10.30"
      },
      "dependencies": {
        "d": {
          "version": "1.0.0",
          "resolved": "https://artifact.swissre.com/api/npm/npm/d/-/d-1.0.0.tgz",
          "integrity": "sha1-dUu1v+VUUdpppYuU1F9MWwRi1Y8=",
          "requires": {
            "es5-ext": "0.10.30"
          }
        }
      }
    },
    "escape-string-regexp": {
      "version": "1.0.5",
      "resolved": "https://artifact.swissre.com/api/npm/npm/escape-string-regexp/-/escape-string-regexp-1.0.5.tgz",
      "integrity": "sha1-G2HAViGQqN/2rjuyzwIAyhMLhtQ="
    },
    "extsprintf": {
      "version": "1.3.0",
      "resolved": "https://artifact.swissre.com/api/npm/npm/extsprintf/-/extsprintf-1.3.0.tgz",
      "integrity": "sha1-lpGEQOMEGnpBT4xS48V06zw+HgU="
    },
    "figures": {
      "version": "2.0.0",
      "resolved": "https://artifact.swissre.com/api/npm/npm/figures/-/figures-2.0.0.tgz",
      "integrity": "sha1-OrGi0qYsi/tDGgyUy3l6L84nyWI=",
      "requires": {
        "escape-string-regexp": "1.0.5"
      }
    },
    "fs.realpath": {
      "version": "1.0.0",
      "resolved": "https://artifact.swissre.com/api/npm/npm/fs.realpath/-/fs.realpath-1.0.0.tgz",
      "integrity": "sha1-FQStJSMVjKpA20onh8sBQRmU6k8="
    },
    "gherkin": {
      "version": "4.1.3",
      "resolved": "https://artifact.swissre.com/api/npm/npm/gherkin/-/gherkin-4.1.3.tgz",
      "integrity": "sha1-EWh9uTl235djMSWmsiKKGkv9+iQ="
    },
    "glob": {
      "version": "7.1.2",
      "resolved": "https://artifact.swissre.com/api/npm/npm/glob/-/glob-7.1.2.tgz",
      "integrity": "sha1-wZyd+aAocC1nhhI4SmVSQExjbRU=",
      "requires": {
        "fs.realpath": "1.0.0",
        "inflight": "1.0.6",
        "inherits": "2.0.3",
        "minimatch": "3.0.4",
        "once": "1.4.0",
        "path-is-absolute": "1.0.1"
      }
    },
    "indent-string": {
      "version": "3.2.0",
      "resolved": "https://artifact.swissre.com/api/npm/npm/indent-string/-/indent-string-3.2.0.tgz",
      "integrity": "sha1-Sl/W0nzDMvN+VBmlBNu4NxBckok="
    },
    "inflight": {
      "version": "1.0.6",
      "resolved": "https://artifact.swissre.com/api/npm/npm/inflight/-/inflight-1.0.6.tgz",
      "integrity": "sha1-Sb1jMdfQLQwJvJEKEHW6gWW1bfk=",
      "requires": {
        "once": "1.4.0",
        "wrappy": "1.0.2"
      }
    },
    "inherits": {
      "version": "2.0.3",
      "resolved": "https://artifact.swissre.com/api/npm/npm/inherits/-/inherits-2.0.3.tgz",
      "integrity": "sha1-Yzwsg+PaQqUC9SRmAiSA9CCCYd4="
    },
    "is-generator": {
      "version": "1.0.3",
      "resolved": "https://artifact.swissre.com/api/npm/npm/is-generator/-/is-generator-1.0.3.tgz",
      "integrity": "sha1-wUwhBX7TbjKNuANHlmxpP4hjifM="
    },
    "is-stream": {
      "version": "1.1.0",
      "resolved": "https://artifact.swissre.com/api/npm/npm/is-stream/-/is-stream-1.1.0.tgz",
      "integrity": "sha1-EtSj3U5o4Lec6428hBc66A2RykQ="
    },
    "lodash": {
      "version": "4.17.4",
      "resolved": "https://artifact.swissre.com/api/npm/npm/lodash/-/lodash-4.17.4.tgz",
      "integrity": "sha1-eCA6TRwyiuHYbcpkYONptX9AVa4="
    },
    "lower-case": {
      "version": "1.1.4",
      "resolved": "https://artifact.swissre.com/api/npm/npm/lower-case/-/lower-case-1.1.4.tgz",
      "integrity": "sha1-miyr0bno4K6ZOkv31YdcOcQujqw="
    },
    "minimatch": {
      "version": "3.0.4",
      "resolved": "https://artifact.swissre.com/api/npm/npm/minimatch/-/minimatch-3.0.4.tgz",
      "integrity": "sha1-UWbihkV/AzBgZL5Ul+jbsMPTIIM=",
      "requires": {
        "brace-expansion": "1.1.8"
      }
    },
    "mz": {
      "version": "2.6.0",
      "resolved": "https://artifact.swissre.com/api/npm/npm/mz/-/mz-2.6.0.tgz",
      "integrity": "sha1-yLhSHZWN8KTydoAl22nHGe5O8c4=",
      "requires": {
        "any-promise": "1.3.0",
        "object-assign": "4.1.1",
        "thenify-all": "1.6.0"
      }
    },
    "no-case": {
      "version": "2.3.2",
      "resolved": "https://artifact.swissre.com/api/npm/npm/no-case/-/no-case-2.3.2.tgz",
      "integrity": "sha1-YLgTOWvjmz8SiKTB7V0efSi0ZKw=",
      "requires": {
        "lower-case": "1.1.4"
      }
    },
    "object-assign": {
      "version": "4.1.1",
      "resolved": "https://artifact.swissre.com/api/npm/npm/object-assign/-/object-assign-4.1.1.tgz",
      "integrity": "sha1-IQmtx5ZYh8/AXLvUQsrIv7s2CGM="
    },
    "once": {
      "version": "1.4.0",
      "resolved": "https://artifact.swissre.com/api/npm/npm/once/-/once-1.4.0.tgz",
      "integrity": "sha1-WDsap3WWHUsROsF9nFC6753Xa9E=",
      "requires": {
        "wrappy": "1.0.2"
      }
    },
    "pad-right": {
      "version": "0.2.2",
      "resolved": "https://artifact.swissre.com/api/npm/npm/pad-right/-/pad-right-0.2.2.tgz",
      "integrity": "sha1-b7ySQEXSRPKiokRQMGDTv8YAl3Q=",
      "requires": {
        "repeat-string": "1.6.1"
      }
    },
    "path-is-absolute": {
      "version": "1.0.1",
      "resolved": "https://artifact.swissre.com/api/npm/npm/path-is-absolute/-/path-is-absolute-1.0.1.tgz",
      "integrity": "sha1-F0uSaHNVNP+8es5r9TpanhtcX18="
    },
    "path-parse": {
      "version": "1.0.5",
      "resolved": "https://artifact.swissre.com/api/npm/npm/path-parse/-/path-parse-1.0.5.tgz",
      "integrity": "sha1-PBrfhx6pzWyUMbbqK9dKD/BVxME="
    },
    "progress": {
      "version": "2.0.0",
      "resolved": "https://artifact.swissre.com/api/npm/npm/progress/-/progress-2.0.0.tgz",
      "integrity": "sha1-ihvjZr+Pwj2yvSPxDG/pILQ4nR8="
    },
    "regenerator-runtime": {
      "version": "0.11.0",
      "resolved": "https://artifact.swissre.com/api/npm/npm/regenerator-runtime/-/regenerator-runtime-0.11.0.tgz",
      "integrity": "sha1-flT+W1zNXWYk6mJVw0c74JC4AuE="
    },
    "repeat-string": {
      "version": "1.6.1",
      "resolved": "https://artifact.swissre.com/api/npm/npm/repeat-string/-/repeat-string-1.6.1.tgz",
      "integrity": "sha1-jcrkcOHIirwtYA//Sndihtp15jc="
    },
    "resolve": {
      "version": "1.4.0",
      "resolved": "https://artifact.swissre.com/api/npm/npm/resolve/-/resolve-1.4.0.tgz",
      "integrity": "sha1-p1vgHFPaJdk0qY69DkxKcxL5KoY=",
      "requires": {
        "path-parse": "1.0.5"
      }
    },
    "source-map": {
      "version": "0.5.6",
      "resolved": "https://artifact.swissre.com/api/npm/npm/source-map/-/source-map-0.5.6.tgz",
      "integrity": "sha1-dc449SvwczxafwwRjYEzSiu19BI="
    },
    "stack-chain": {
      "version": "1.3.7",
      "resolved": "https://artifact.swissre.com/api/npm/npm/stack-chain/-/stack-chain-1.3.7.tgz",
      "integrity": "sha1-0ZLJ/06moiyUxN1FkXHj8AzqEoU="
    },
    "stack-generator": {
      "version": "2.0.2",
      "resolved": "https://artifact.swissre.com/api/npm/npm/stack-generator/-/stack-generator-2.0.2.tgz",
      "integrity": "sha1-PBPZUqWWq5MY/sBmnQod+Lhxdsc=",
      "requires": {
        "stackframe": "1.0.4"
      }
    },
    "stackframe": {
      "version": "1.0.4",
      "resolved": "https://artifact.swissre.com/api/npm/npm/stackframe/-/stackframe-1.0.4.tgz",
      "integrity": "sha1-NXskqZL5Qny6a1RdlqFO0svKGHs="
    },
    "stacktrace-gps": {
      "version": "3.0.2",
      "resolved": "https://artifact.swissre.com/api/npm/npm/stacktrace-gps/-/stacktrace-gps-3.0.2.tgz",
      "integrity": "sha1-M/i6pEZzI6sr0YFu+ieZQrpDHMw=",
      "requires": {
        "source-map": "0.5.6",
        "stackframe": "1.0.4"
      }
    },
    "stacktrace-js": {
      "version": "2.0.0",
      "resolved": "https://artifact.swissre.com/api/npm/npm/stacktrace-js/-/stacktrace-js-2.0.0.tgz",
      "integrity": "sha1-d2ymRqlbxsayuQd2U2p/xyxt21g=",
      "requires": {
        "error-stack-parser": "2.0.1",
        "stack-generator": "2.0.2",
        "stacktrace-gps": "3.0.2"
      }
    },
    "string-argv": {
      "version": "0.0.2",
      "resolved": "https://artifact.swissre.com/api/npm/npm/string-argv/-/string-argv-0.0.2.tgz",
      "integrity": "sha1-2sMECGkMIfPDYwo/86BYd73L1zY="
    },
    "thenify": {
      "version": "3.3.0",
      "resolved": "https://artifact.swissre.com/api/npm/npm/thenify/-/thenify-3.3.0.tgz",
      "integrity": "sha1-5p44obq+lpsBCCB5eLn2K4hgSDk=",
      "requires": {
        "any-promise": "1.3.0"
      }
    },
    "thenify-all": {
      "version": "1.6.0",
      "resolved": "https://artifact.swissre.com/api/npm/npm/thenify-all/-/thenify-all-1.6.0.tgz",
      "integrity": "sha1-GhkY1ALY/D+Y+/I02wvMjMEOlyY=",
      "requires": {
        "thenify": "3.3.0"
      }
    },
    "title-case": {
      "version": "2.1.1",
      "resolved": "https://artifact.swissre.com/api/npm/npm/title-case/-/title-case-2.1.1.tgz",
      "integrity": "sha1-PhJyFtpY0rxb7PE3q5Ha46fNj6o=",
      "requires": {
        "no-case": "2.3.2",
        "upper-case": "1.1.3"
      }
    },
    "upper-case": {
      "version": "1.1.3",
      "resolved": "https://artifact.swissre.com/api/npm/npm/upper-case/-/upper-case-1.1.3.tgz",
      "integrity": "sha1-9rRQHC7EzdJrp4vnIilh3ndiFZg="
    },
    "util-arity": {
      "version": "1.1.0",
      "resolved": "https://artifact.swissre.com/api/npm/npm/util-arity/-/util-arity-1.1.0.tgz",
      "integrity": "sha1-WdAa8f2z/t4KxOYysKtfbOl8kzA="
    },
    "verror": {
      "version": "1.10.0",
      "resolved": "https://artifact.swissre.com/api/npm/npm/verror/-/verror-1.10.0.tgz",
      "integrity": "sha1-OhBcoXBTr1XW4nDB+CiGguGNpAA=",
      "requires": {
        "assert-plus": "1.0.0",
        "core-util-is": "1.0.2",
        "extsprintf": "1.3.0"
      }
    },
    "wrappy": {
      "version": "1.0.2",
      "resolved": "https://artifact.swissre.com/api/npm/npm/wrappy/-/wrappy-1.0.2.tgz",
      "integrity": "sha1-tSQ9jz7BqjXxNkYFvA0QNuMKtp8="
    }
  }
}
